
Microsoft Visual Studio Solution File, Format Version 12.00
# Visual Studio 14
VisualStudioVersion = 14.0.23107.0
MinimumVisualStudioVersion = 10.0.40219.1
Project("{FAE04EC0-301F-11D3-BF4B-00C04F79EFBC}") = "View", "View\View.csproj", "{67EE8A02-7408-4F01-83B9-AB63D64B9F4C}"
EndProject
Project("{FAE04EC0-301F-11D3-BF4B-00C04F79EFBC}") = "Logic", "Logic\Logic.csproj", "{4B17F3E1-A15E-4017-B2CF-25CF17B16B67}"
EndProject
Project("{FAE04EC0-301F-11D3-BF4B-00C04F79EFBC}") = "Storage", "Storage\Storage.csproj", "{38ABD49B-AD3C-41FB-9820-3779D5FB4D41}"
EndProject
Project("{FAE04EC0-301F-11D3-BF4B-00C04F79EFBC}") = "LogicTests", "UnitTestProject1\LogicTests.csproj", "{FA1E7637-B38F-45EA-B71D-C88F6E4F8ACC}"
EndProject
Project("{FAE04EC0-301F-11D3-BF4B-00C04F79EFBC}") = "StorageTests", "StorageTests\StorageTests.csproj", "{353B0E56-A511-4121-9F37-4B4122BD15C1}"
EndProject
Project("{FAE04EC0-301F-11D3-BF4B-00C04F79EFBC}") = "ViewTests", "ViewTests\ViewTests.csproj", "{CDB878E0-5C74-4FB0-BCE7-D0D7FABAE152}"
EndProject
Global
	GlobalSection(SolutionConfigurationPlatforms) = preSolution
		Debug|Any CPU = Debug|Any CPU
		Release|Any CPU = Release|Any CPU
	EndGlobalSection
	GlobalSection(ProjectConfigurationPlatforms) = postSolution
		{67EE8A02-7408-4F01-83B9-AB63D64B9F4C}.Debug|Any CPU.ActiveCfg = Debug|Any CPU
		{67EE8A02-7408-4F01-83B9-AB63D64B9F4C}.Debug|Any CPU.Build.0 = Debug|Any CPU
		{67EE8A02-7408-4F01-83B9-AB63D64B9F4C}.Release|Any CPU.ActiveCfg = Release|Any CPU
		{67EE8A02-7408-4F01-83B9-AB63D64B9F4C}.Release|Any CPU.Build.0 = Release|Any CPU
		{4B17F3E1-A15E-4017-B2CF-25CF17B16B67}.Debug|Any CPU.ActiveCfg = Debug|Any CPU
		{4B17F3E1-A15E-4017-B2CF-25CF17B16B67}.Debug|Any CPU.Build.0 = Debug|Any CPU
		{4B17F3E1-A15E-4017-B2CF-25CF17B16B67}.Release|Any CPU.ActiveCfg = Release|Any CPU
		{4B17F3E1-A15E-4017-B2CF-25CF17B16B67}.Release|Any CPU.Build.0 = Release|Any CPU
		{38ABD49B-AD3C-41FB-9820-3779D5FB4D41}.Debug|Any CPU.ActiveCfg = Debug|Any CPU
		{38ABD49B-AD3C-41FB-9820-3779D5FB4D41}.Debug|Any CPU.Build.0 = Debug|Any CPU
		{38ABD49B-AD3C-41FB-9820-3779D5FB4D41}.Release|Any CPU.ActiveCfg = Release|Any CPU
		{38ABD49B-AD3C-41FB-9820-3779D5FB4D41}.Release|Any CPU.Build.0 = Release|Any CPU
		{FA1E7637-B38F-45EA-B71D-C88F6E4F8ACC}.Debug|Any CPU.ActiveCfg = Debug|Any CPU
		{FA1E7637-B38F-45EA-B71D-C88F6E4F8ACC}.Debug|Any CPU.Build.0 = Debug|Any CPU
		{FA1E7637-B38F-45EA-B71D-C88F6E4F8ACC}.Release|Any CPU.ActiveCfg = Release|Any CPU
		{FA1E7637-B38F-45EA-B71D-C88F6E4F8ACC}.Release|Any CPU.Build.0 = Release|Any CPU
		{353B0E56-A511-4121-9F37-4B4122BD15C1}.Debug|Any CPU.ActiveCfg = Debug|Any CPU
		{353B0E56-A511-4121-9F37-4B4122BD15C1}.Debug|Any CPU.Build.0 = Debug|Any CPU
		{353B0E56-A511-4121-9F37-4B4122BD15C1}.Release|Any CPU.ActiveCfg = Release|Any CPU
		{353B0E56-A511-4121-9F37-4B4122BD15C1}.Release|Any CPU.Build.0 = Release|Any CPU
		{CDB878E0-5C74-4FB0-BCE7-D0D7FABAE152}.Debug|Any CPU.ActiveCfg = Debug|Any CPU
		{CDB878E0-5C74-4FB0-BCE7-D0D7FABAE152}.Debug|Any CPU.Build.0 = Debug|Any CPU
		{CDB878E0-5C74-4FB0-BCE7-D0D7FABAE152}.Release|Any CPU.ActiveCfg = Release|Any CPU
		{CDB878E0-5C74-4FB0-BCE7-D0D7FABAE152}.Release|Any CPU.Build.0 = Release|Any CPU
	EndGlobalSection
	GlobalSection(SolutionProperties) = preSolution
		HideSolutionNode = FALSE
	EndGlobalSection
EndGlobal
